
Microsoft Visual Studio Solution File, Format Version 12.00
# Visual Studio Version 17
VisualStudioVersion = 17.3.32929.385
MinimumVisualStudioVersion = 10.0.40219.1
Project("{FAE04EC0-301F-11D3-BF4B-00C04F79EFBC}") = "Enums", "Enums\Enums.csproj", "{148D98AF-D5A7-481E-B781-024B8BE77945}"
EndProject
Global
	GlobalSection(SolutionConfigurationPlatforms) = preSolution
		Debug|Any CPU = Debug|Any CPU
		Release|Any CPU = Release|Any CPU
	EndGlobalSection
	GlobalSection(ProjectConfigurationPlatforms) = postSolution
		{148D98AF-D5A7-481E-B781-024B8BE77945}.Debug|Any CPU.ActiveCfg = Debug|Any CPU
		{148D98AF-D5A7-481E-B781-024B8BE77945}.Debug|Any CPU.Build.0 = Debug|Any CPU
		{148D98AF-D5A7-481E-B781-024B8BE77945}.Release|Any CPU.ActiveCfg = Release|Any CPU
		{148D98AF-D5A7-481E-B781-024B8BE77945}.Release|Any CPU.Build.0 = Release|Any CPU
	EndGlobalSection
	GlobalSection(SolutionProperties) = preSolution
		HideSolutionNode = FALSE
	EndGlobalSection
	GlobalSection(ExtensibilityGlobals) = postSolution
		SolutionGuid = {F6FE149F-4FA3-4677-A962-16E758D62B08}
	EndGlobalSection
EndGlobal
